// !$*UTF8*$!
{
	archiveVersion = 1;
	classes = {
	};
	objectVersion = 56;
	objects = {

/* Begin PBXBuildFile section */
		3B44657A288C55AD009F3695 /* MHDTabulaApp.swift in Sources */ = {isa = PBXBuildFile; fileRef = 3B446579288C55AD009F3695 /* MHDTabulaApp.swift */; };
		3B44657C288C55AD009F3695 /* ContentView.swift in Sources */ = {isa = PBXBuildFile; fileRef = 3B44657B288C55AD009F3695 /* ContentView.swift */; };
		3B44657E288C55B2009F3695 /* Assets.xcassets in Resources */ = {isa = PBXBuildFile; fileRef = 3B44657D288C55B2009F3695 /* Assets.xcassets */; };
		3B446581288C55B2009F3695 /* Preview Assets.xcassets in Resources */ = {isa = PBXBuildFile; fileRef = 3B446580288C55B2009F3695 /* Preview Assets.xcassets */; };
		3B446588288C55C4009F3695 /* stops.json in Resources */ = {isa = PBXBuildFile; fileRef = 3B446587288C55C4009F3695 /* stops.json */; };
		3B44658A288C55F6009F3695 /* Stop.swift in Sources */ = {isa = PBXBuildFile; fileRef = 3B446589288C55F6009F3695 /* Stop.swift */; };
		3B44658E288C562B009F3695 /* StopDetailView.swift in Sources */ = {isa = PBXBuildFile; fileRef = 3B44658D288C562B009F3695 /* StopDetailView.swift */; };
		3B446590288C563C009F3695 /* WebView.swift in Sources */ = {isa = PBXBuildFile; fileRef = 3B44658F288C563C009F3695 /* WebView.swift */; };
		3B446592288C564C009F3695 /* LocationManager.swift in Sources */ = {isa = PBXBuildFile; fileRef = 3B446591288C564C009F3695 /* LocationManager.swift */; };
		3B446594288C565B009F3695 /* StopItemView.swift in Sources */ = {isa = PBXBuildFile; fileRef = 3B446593288C565B009F3695 /* StopItemView.swift */; };
		3B446596288C566B009F3695 /* FavoriteStops.swift in Sources */ = {isa = PBXBuildFile; fileRef = 3B446595288C566B009F3695 /* FavoriteStops.swift */; };
/* End PBXBuildFile section */

/* Begin PBXFileReference section */
		3B446576288C55AD009F3695 /* MHDTabula.app */ = {isa = PBXFileReference; explicitFileType = wrapper.application; includeInIndex = 0; path = MHDTabula.app; sourceTree = BUILT_PRODUCTS_DIR; };
		3B446579288C55AD009F3695 /* MHDTabulaApp.swift */ = {isa = PBXFileReference; lastKnownFileType = sourcecode.swift; path = MHDTabulaApp.swift; sourceTree = "<group>"; };
		3B44657B288C55AD009F3695 /* ContentView.swift */ = {isa = PBXFileReference; lastKnownFileType = sourcecode.swift; path = ContentView.swift; sourceTree = "<group>"; };
		3B44657D288C55B2009F3695 /* Assets.xcassets */ = {isa = PBXFileReference; lastKnownFileType = folder.assetcatalog; path = Assets.xcassets; sourceTree = "<group>"; };
		3B446580288C55B2009F3695 /* Preview Assets.xcassets */ = {isa = PBXFileReference; lastKnownFileType = folder.assetcatalog; path = "Preview Assets.xcassets"; sourceTree = "<group>"; };
		3B446587288C55C4009F3695 /* stops.json */ = {isa = PBXFileReference; fileEncoding = 4; lastKnownFileType = text.json; path = stops.json; sourceTree = "<group>"; };
		3B446589288C55F6009F3695 /* Stop.swift */ = {isa = PBXFileReference; lastKnownFileType = sourcecode.swift; path = Stop.swift; sourceTree = "<group>"; };
		3B44658D288C562B009F3695 /* StopDetailView.swift */ = {isa = PBXFileReference; lastKnownFileType = sourcecode.swift; path = StopDetailView.swift; sourceTree = "<group>"; };
		3B44658F288C563C009F3695 /* WebView.swift */ = {isa = PBXFileReference; lastKnownFileType = sourcecode.swift; path = WebView.swift; sourceTree = "<group>"; };
		3B446591288C564C009F3695 /* LocationManager.swift */ = {isa = PBXFileReference; lastKnownFileType = sourcecode.swift; path = LocationManager.swift; sourceTree = "<group>"; };
		3B446593288C565B009F3695 /* StopItemView.swift */ = {isa = PBXFileReference; lastKnownFileType = sourcecode.swift; path = StopItemView.swift; sourceTree = "<group>"; };
		3B446595288C566B009F3695 /* FavoriteStops.swift */ = {isa = PBXFileReference; lastKnownFileType = sourcecode.swift; path = FavoriteStops.swift; sourceTree = "<group>"; };
		3B446597288C5720009F3695 /* Info.plist */ = {isa = PBXFileReference; lastKnownFileType = text.plist; path = Info.plist; sourceTree = "<group>"; };
/* End PBXFileReference section */

/* Begin PBXFrameworksBuildPhase section */
		3B446573288C55AD009F3695 /* Frameworks */ = {
			isa = PBXFrameworksBuildPhase;
			buildActionMask = 2147483647;
			files = (
			);
			runOnlyForDeploymentPostprocessing = 0;
		};
/* End PBXFrameworksBuildPhase section */

/* Begin PBXGroup section */
		3B2FA429288C5CB4006CFBD6 /* Models */ = {
			isa = PBXGroup;
			children = (
				3B446589288C55F6009F3695 /* Stop.swift */,
			);
			path = Models;
			sourceTree = "<group>";
		};
		3B2FA42A288C5CD1006CFBD6 /* Views */ = {
			isa = PBXGroup;
			children = (
				3B44657B288C55AD009F3695 /* ContentView.swift */,
				3B44658D288C562B009F3695 /* StopDetailView.swift */,
				3B44658F288C563C009F3695 /* WebView.swift */,
				3B446593288C565B009F3695 /* StopItemView.swift */,
			);
			path = Views;
			sourceTree = "<group>";
		};
		3B2FA42B288C5CEA006CFBD6 /* Services */ = {
			isa = PBXGroup;
			children = (
				3B446591288C564C009F3695 /* LocationManager.swift */,
				3B446595288C566B009F3695 /* FavoriteStops.swift */,
			);
			path = Services;
			sourceTree = "<group>";
		};
		3B44656D288C55AD009F3695 = {
			isa = PBXGroup;
			children = (
				3B446578288C55AD009F3695 /* MHDTabula */,
				3B446577288C55AD009F3695 /* Products */,
			);
			sourceTree = "<group>";
		};
		3B446577288C55AD009F3695 /* Products */ = {
			isa = PBXGroup;
			children = (
				3B446576288C55AD009F3695 /* MHDTabula.app */,
			);
			name = Products;
			sourceTree = "<group>";
		};
		3B446578288C55AD009F3695 /* MHDTabula */ = {
			isa = PBXGroup;
			children = (
				3B446579288C55AD009F3695 /* MHDTabulaApp.swift */,
				3B2FA42A288C5CD1006CFBD6 /* Views */,
				3B2FA429288C5CB4006CFBD6 /* Models */,
				3B2FA42B288C5CEA006CFBD6 /* Services */,
				3B446597288C5720009F3695 /* Info.plist */,
				3B446587288C55C4009F3695 /* stops.json */,
				3B44657D288C55B2009F3695 /* Assets.xcassets */,
				3B44657F288C55B2009F3695 /* Preview Content */,
			);
			path = MHDTabula;
			sourceTree = "<group>";
		};
		3B44657F288C55B2009F3695 /* Preview Content */ = {
			isa = PBXGroup;
			children = (
				3B446580288C55B2009F3695 /* Preview Assets.xcassets */,
			);
			path = "Preview Content";
			sourceTree = "<group>";
		};
/* End PBXGroup section */

/* Begin PBXNativeTarget section */
		3B446575288C55AD009F3695 /* MHDTabula */ = {
			isa = PBXNativeTarget;
			buildConfigurationList = 3B446584288C55B2009F3695 /* Build configuration list for PBXNativeTarget "MHDTabula" */;
			buildPhases = (
				3B446572288C55AD009F3695 /* Sources */,
				3B446573288C55AD009F3695 /* Frameworks */,
				3B446574288C55AD009F3695 /* Resources */,
			);
			buildRules = (
			);
			dependencies = (
			);
			name = MHDTabula;
			productName = MHDTabula;
			productReference = 3B446576288C55AD009F3695 /* MHDTabula.app */;
			productType = "com.apple.product-type.application";
		};
/* End PBXNativeTarget section */

/* Begin PBXProject section */
		3B44656E288C55AD009F3695 /* Project object */ = {
			isa = PBXProject;
			attributes = {
				BuildIndependentTargetsInParallel = 1;
				LastSwiftUpdateCheck = 1400;
				LastUpgradeCheck = 1400;
				TargetAttributes = {
					3B446575288C55AD009F3695 = {
						CreatedOnToolsVersion = 14.0;
					};
				};
			};
			buildConfigurationList = 3B446571288C55AD009F3695 /* Build configuration list for PBXProject "MHDTabula" */;
			compatibilityVersion = "Xcode 14.0";
			developmentRegion = en;
			hasScannedForEncodings = 0;
			knownRegions = (
				en,
				Base,
			);
			mainGroup = 3B44656D288C55AD009F3695;
			productRefGroup = 3B446577288C55AD009F3695 /* Products */;
			projectDirPath = "";
			projectRoot = "";
			targets = (
				3B446575288C55AD009F3695 /* MHDTabula */,
			);
		};
/* End PBXProject section */

/* Begin PBXResourcesBuildPhase section */
		3B446574288C55AD009F3695 /* Resources */ = {
			isa = PBXResourcesBuildPhase;
			buildActionMask = 2147483647;
			files = (
				3B446581288C55B2009F3695 /* Preview Assets.xcassets in Resources */,
				3B44657E288C55B2009F3695 /* Assets.xcassets in Resources */,
				3B446588288C55C4009F3695 /* stops.json in Resources */,
			);
			runOnlyForDeploymentPostprocessing = 0;
		};
/* End PBXResourcesBuildPhase section */

/* Begin PBXSourcesBuildPhase section */
		3B446572288C55AD009F3695 /* Sources */ = {
			isa = PBXSourcesBuildPhase;
			buildActionMask = 2147483647;
			files = (
				3B44657C288C55AD009F3695 /* ContentView.swift in Sources */,
				3B446590288C563C009F3695 /* WebView.swift in Sources */,
				3B446592288C564C009F3695 /* LocationManager.swift in Sources */,
				3B44657A288C55AD009F3695 /* MHDTabulaApp.swift in Sources */,
				3B446594288C565B009F3695 /* StopItemView.swift in Sources */,
				3B44658A288C55F6009F3695 /* Stop.swift in Sources */,
				3B44658E288C562B009F3695 /* StopDetailView.swift in Sources */,
				3B446596288C566B009F3695 /* FavoriteStops.swift in Sources */,
			);
			runOnlyForDeploymentPostprocessing = 0;
		};
/* End PBXSourcesBuildPhase section */

/* Begin XCBuildConfiguration section */
		3B446582288C55B2009F3695 /* Debug */ = {
			isa = XCBuildConfiguration;
			buildSettings = {
				ALWAYS_SEARCH_USER_PATHS = NO;
				CLANG_ANALYZER_NONNULL = YES;
				CLANG_ANALYZER_NUMBER_OBJECT_CONVERSION = YES_AGGRESSIVE;
				CLANG_CXX_LANGUAGE_STANDARD = "gnu++20";
				CLANG_ENABLE_MODULES = YES;
				CLANG_ENABLE_OBJC_ARC = YES;
				CLANG_ENABLE_OBJC_WEAK = YES;
				CLANG_WARN_BLOCK_CAPTURE_AUTORELEASING = YES;
				CLANG_WARN_BOOL_CONVERSION = YES;
				CLANG_WARN_COMMA = YES;
				CLANG_WARN_CONSTANT_CONVERSION = YES;
				CLANG_WARN_DEPRECATED_OBJC_IMPLEMENTATIONS = YES;
				CLANG_WARN_DIRECT_OBJC_ISA_USAGE = YES_ERROR;
				CLANG_WARN_DOCUMENTATION_COMMENTS = YES;
				CLANG_WARN_EMPTY_BODY = YES;
				CLANG_WARN_ENUM_CONVERSION = YES;
				CLANG_WARN_INFINITE_RECURSION = YES;
				CLANG_WARN_INT_CONVERSION = YES;
				CLANG_WARN_NON_LITERAL_NULL_CONVERSION = YES;
				CLANG_WARN_OBJC_IMPLICIT_RETAIN_SELF = YES;
				CLANG_WARN_OBJC_LITERAL_CONVERSION = YES;
				CLANG_WARN_OBJC_ROOT_CLASS = YES_ERROR;
				CLANG_WARN_QUOTED_INCLUDE_IN_FRAMEWORK_HEADER = YES;
				CLANG_WARN_RANGE_LOOP_ANALYSIS = YES;
				CLANG_WARN_STRICT_PROTOTYPES = YES;
				CLANG_WARN_SUSPICIOUS_MOVE = YES;
				CLANG_WARN_UNGUARDED_AVAILABILITY = YES_AGGRESSIVE;
				CLANG_WARN_UNREACHABLE_CODE = YES;
				CLANG_WARN__DUPLICATE_METHOD_MATCH = YES;
				COPY_PHASE_STRIP = NO;
				DEBUG_INFORMATION_FORMAT = dwarf;
				ENABLE_STRICT_OBJC_MSGSEND = YES;
				ENABLE_TESTABILITY = YES;
				GCC_C_LANGUAGE_STANDARD = gnu11;
				GCC_DYNAMIC_NO_PIC = NO;
				GCC_NO_COMMON_BLOCKS = YES;
				GCC_OPTIMIZATION_LEVEL = 0;
				GCC_PREPROCESSOR_DEFINITIONS = (
					"DEBUG=1",
					"$(inherited)",
				);
				GCC_WARN_64_TO_32_BIT_CONVERSION = YES;
				GCC_WARN_ABOUT_RETURN_TYPE = YES_ERROR;
				GCC_WARN_UNDECLARED_SELECTOR = YES;
				GCC_WARN_UNINITIALIZED_AUTOS = YES_AGGRESSIVE;
				GCC_WARN_UNUSED_FUNCTION = YES;
				GCC_WARN_UNUSED_VARIABLE = YES;
				IPHONEOS_DEPLOYMENT_TARGET = 16.0;
				MTL_ENABLE_DEBUG_INFO = INCLUDE_SOURCE;
				MTL_FAST_MATH = YES;
				ONLY_ACTIVE_ARCH = YES;
				SDKROOT = iphoneos;
				SWIFT_ACTIVE_COMPILATION_CONDITIONS = DEBUG;
				SWIFT_OPTIMIZATION_LEVEL = "-Onone";
			};
			name = Debug;
		};
		3B446583288C55B2009F3695 /* Release */ = {
			isa = XCBuildConfiguration;
			buildSettings = {
				ALWAYS_SEARCH_USER_PATHS = NO;
				CLANG_ANALYZER_NONNULL = YES;
				CLANG_ANALYZER_NUMBER_OBJECT_CONVERSION = YES_AGGRESSIVE;
				CLANG_CXX_LANGUAGE_STANDARD = "gnu++20";
				CLANG_ENABLE_MODULES = YES;
				CLANG_ENABLE_OBJC_ARC = YES;
				CLANG_ENABLE_OBJC_WEAK = YES;
				CLANG_WARN_BLOCK_CAPTURE_AUTORELEASING = YES;
				CLANG_WARN_BOOL_CONVERSION = YES;
				CLANG_WARN_COMMA = YES;
				CLANG_WARN_CONSTANT_CONVERSION = YES;
				CLANG_WARN_DEPRECATED_OBJC_IMPLEMENTATIONS = YES;
				CLANG_WARN_DIRECT_OBJC_ISA_USAGE = YES_ERROR;
				CLANG_WARN_DOCUMENTATION_COMMENTS = YES;
				CLANG_WARN_EMPTY_BODY = YES;
				CLANG_WARN_ENUM_CONVERSION = YES;
				CLANG_WARN_INFINITE_RECURSION = YES;
				CLANG_WARN_INT_CONVERSION = YES;
				CLANG_WARN_NON_LITERAL_NULL_CONVERSION = YES;
				CLANG_WARN_OBJC_IMPLICIT_RETAIN_SELF = YES;
				CLANG_WARN_OBJC_LITERAL_CONVERSION = YES;
				CLANG_WARN_OBJC_ROOT_CLASS = YES_ERROR;
				CLANG_WARN_QUOTED_INCLUDE_IN_FRAMEWORK_HEADER = YES;
				CLANG_WARN_RANGE_LOOP_ANALYSIS = YES;
				CLANG_WARN_STRICT_PROTOTYPES = YES;
				CLANG_WARN_SUSPICIOUS_MOVE = YES;
				CLANG_WARN_UNGUARDED_AVAILABILITY = YES_AGGRESSIVE;
				CLANG_WARN_UNREACHABLE_CODE = YES;
				CLANG_WARN__DUPLICATE_METHOD_MATCH = YES;
				COPY_PHASE_STRIP = NO;
				DEBUG_INFORMATION_FORMAT = "dwarf-with-dsym";
				ENABLE_NS_ASSERTIONS = NO;
				ENABLE_STRICT_OBJC_MSGSEND = YES;
				GCC_C_LANGUAGE_STANDARD = gnu11;
				GCC_NO_COMMON_BLOCKS = YES;
				GCC_WARN_64_TO_32_BIT_CONVERSION = YES;
				GCC_WARN_ABOUT_RETURN_TYPE = YES_ERROR;
				GCC_WARN_UNDECLARED_SELECTOR = YES;
				GCC_WARN_UNINITIALIZED_AUTOS = YES_AGGRESSIVE;
				GCC_WARN_UNUSED_FUNCTION = YES;
				GCC_WARN_UNUSED_VARIABLE = YES;
				IPHONEOS_DEPLOYMENT_TARGET = 16.0;
				MTL_ENABLE_DEBUG_INFO = NO;
				MTL_FAST_MATH = YES;
				SDKROOT = iphoneos;
				SWIFT_COMPILATION_MODE = wholemodule;
				SWIFT_OPTIMIZATION_LEVEL = "-O";
				VALIDATE_PRODUCT = YES;
			};
			name = Release;
		};
		3B446585288C55B2009F3695 /* Debug */ = {
			isa = XCBuildConfiguration;
			buildSettings = {
				ASSETCATALOG_COMPILER_APPICON_NAME = AppIcon;
				ASSETCATALOG_COMPILER_GLOBAL_ACCENT_COLOR_NAME = AccentColor;
				CODE_SIGN_STYLE = Automatic;
				CURRENT_PROJECT_VERSION = 1;
				DEVELOPMENT_ASSET_PATHS = "\"MHDTabula/Preview Content\"";
				DEVELOPMENT_TEAM = B32Z3F96U8;
				ENABLE_PREVIEWS = YES;
				GENERATE_INFOPLIST_FILE = YES;
				INFOPLIST_FILE = MHDTabula/Info.plist;
				INFOPLIST_KEY_CFBundleDisplayName = "MHD Tabuľa";
				INFOPLIST_KEY_LSApplicationCategoryType = "public.app-category.travel";
				INFOPLIST_KEY_NSLocationWhenInUseUsageDescription = "Pre nájdenie najbližšej zastávky";
				INFOPLIST_KEY_UIApplicationSceneManifest_Generation = YES;
				INFOPLIST_KEY_UIApplicationSupportsIndirectInputEvents = YES;
				INFOPLIST_KEY_UILaunchScreen_Generation = YES;
				INFOPLIST_KEY_UISupportedInterfaceOrientations = UIInterfaceOrientationPortrait;
				INFOPLIST_KEY_UISupportedInterfaceOrientations_iPad = "UIInterfaceOrientationLandscapeLeft UIInterfaceOrientationLandscapeRight UIInterfaceOrientationPortraitUpsideDown";
				LD_RUNPATH_SEARCH_PATHS = (
					"$(inherited)",
					"@executable_path/Frameworks",
				);
				MARKETING_VERSION = 1.0;
				PRODUCT_BUNDLE_IDENTIFIER = sk.jakubjelinek.MHDTabula;
				PRODUCT_NAME = "$(TARGET_NAME)";
				SWIFT_EMIT_LOC_STRINGS = YES;
				SWIFT_VERSION = 5.0;
				TARGETED_DEVICE_FAMILY = "1,2";
			};
			name = Debug;
		};
		3B446586288C55B2009F3695 /* Release */ = {
			isa = XCBuildConfiguration;
			buildSettings = {
				ASSETCATALOG_COMPILER_APPICON_NAME = AppIcon;
				ASSETCATALOG_COMPILER_GLOBAL_ACCENT_COLOR_NAME = AccentColor;
				CODE_SIGN_STYLE = Automatic;
				CURRENT_PROJECT_VERSION = 1;
				DEVELOPMENT_ASSET_PATHS = "\"MHDTabula/Preview Content\"";
				DEVELOPMENT_TEAM = B32Z3F96U8;
				ENABLE_PREVIEWS = YES;
				GENERATE_INFOPLIST_FILE = YES;
				INFOPLIST_FILE = MHDTabula/Info.plist;
				INFOPLIST_KEY_CFBundleDisplayName = "MHD Tabuľa";
				INFOPLIST_KEY_LSApplicationCategoryType = "public.app-category.travel";
				INFOPLIST_KEY_NSLocationWhenInUseUsageDescription = "Pre nájdenie najbližšej zastávky";
				INFOPLIST_KEY_UIApplicationSceneManifest_Generation = YES;
				INFOPLIST_KEY_UIApplicationSupportsIndirectInputEvents = YES;
				INFOPLIST_KEY_UILaunchScreen_Generation = YES;
				INFOPLIST_KEY_UISupportedInterfaceOrientations = UIInterfaceOrientationPortrait;
				INFOPLIST_KEY_UISupportedInterfaceOrientations_iPad = "UIInterfaceOrientationLandscapeLeft UIInterfaceOrientationLandscapeRight UIInterfaceOrientationPortraitUpsideDown";
				LD_RUNPATH_SEARCH_PATHS = (
					"$(inherited)",
					"@executable_path/Frameworks",
				);
				MARKETING_VERSION = 1.0;
				PRODUCT_BUNDLE_IDENTIFIER = sk.jakubjelinek.MHDTabula;
				PRODUCT_NAME = "$(TARGET_NAME)";
				SWIFT_EMIT_LOC_STRINGS = YES;
				SWIFT_VERSION = 5.0;
				TARGETED_DEVICE_FAMILY = "1,2";
			};
			name = Release;
		};
/* End XCBuildConfiguration section */

/* Begin XCConfigurationList section */
		3B446571288C55AD009F3695 /* Build configuration list for PBXProject "MHDTabula" */ = {
			isa = XCConfigurationList;
			buildConfigurations = (
				3B446582288C55B2009F3695 /* Debug */,
				3B446583288C55B2009F3695 /* Release */,
			);
			defaultConfigurationIsVisible = 0;
			defaultConfigurationName = Release;
		};
		3B446584288C55B2009F3695 /* Build configuration list for PBXNativeTarget "MHDTabula" */ = {
			isa = XCConfigurationList;
			buildConfigurations = (
				3B446585288C55B2009F3695 /* Debug */,
				3B446586288C55B2009F3695 /* Release */,
			);
			defaultConfigurationIsVisible = 0;
			defaultConfigurationName = Release;
		};
/* End XCConfigurationList section */
	};
	rootObject = 3B44656E288C55AD009F3695 /* Project object */;
}
